
Microsoft Visual Studio Solution File, Format Version 12.00
# Visual Studio Version 17
VisualStudioVersion = 17.9.34607.119
MinimumVisualStudioVersion = 10.0.40219.1
Project("{8BC9CEB8-8B4A-11D0-8D11-00A0C91BC942}") = "StreamReaderandWriter_0152", "StreamReaderandWriter_0152\StreamReaderandWriter_0152.vcxproj", "{D33C769D-D02C-485F-B2A8-1708BDB75718}"
EndProject
Project("{8BC9CEB8-8B4A-11D0-8D11-00A0C91BC942}") = "iofilewithpath", "iofilewithpath\iofilewithpath.vcxproj", "{68BDE55A-7CCE-4705-B574-5247D708A20D}"
EndProject
Project("{8BC9CEB8-8B4A-11D0-8D11-00A0C91BC942}") = "ManualException", "ManualException\ManualException.vcxproj", "{BFBE6126-3732-491F-BFC5-58899EE3ADE0}"
EndProject
Global
	GlobalSection(SolutionConfigurationPlatforms) = preSolution
		Debug|x64 = Debug|x64
		Debug|x86 = Debug|x86
		Release|x64 = Release|x64
		Release|x86 = Release|x86
	EndGlobalSection
	GlobalSection(ProjectConfigurationPlatforms) = postSolution
		{D33C769D-D02C-485F-B2A8-1708BDB75718}.Debug|x64.ActiveCfg = Debug|x64
		{D33C769D-D02C-485F-B2A8-1708BDB75718}.Debug|x64.Build.0 = Debug|x64
		{D33C769D-D02C-485F-B2A8-1708BDB75718}.Debug|x86.ActiveCfg = Debug|Win32
		{D33C769D-D02C-485F-B2A8-1708BDB75718}.Debug|x86.Build.0 = Debug|Win32
		{D33C769D-D02C-485F-B2A8-1708BDB75718}.Release|x64.ActiveCfg = Release|x64
		{D33C769D-D02C-485F-B2A8-1708BDB75718}.Release|x64.Build.0 = Release|x64
		{D33C769D-D02C-485F-B2A8-1708BDB75718}.Release|x86.ActiveCfg = Release|Win32
		{D33C769D-D02C-485F-B2A8-1708BDB75718}.Release|x86.Build.0 = Release|Win32
		{68BDE55A-7CCE-4705-B574-5247D708A20D}.Debug|x64.ActiveCfg = Debug|x64
		{68BDE55A-7CCE-4705-B574-5247D708A20D}.Debug|x64.Build.0 = Debug|x64
		{68BDE55A-7CCE-4705-B574-5247D708A20D}.Debug|x86.ActiveCfg = Debug|Win32
		{68BDE55A-7CCE-4705-B574-5247D708A20D}.Debug|x86.Build.0 = Debug|Win32
		{68BDE55A-7CCE-4705-B574-5247D708A20D}.Release|x64.ActiveCfg = Release|x64
		{68BDE55A-7CCE-4705-B574-5247D708A20D}.Release|x64.Build.0 = Release|x64
		{68BDE55A-7CCE-4705-B574-5247D708A20D}.Release|x86.ActiveCfg = Release|Win32
		{68BDE55A-7CCE-4705-B574-5247D708A20D}.Release|x86.Build.0 = Release|Win32
		{BFBE6126-3732-491F-BFC5-58899EE3ADE0}.Debug|x64.ActiveCfg = Debug|x64
		{BFBE6126-3732-491F-BFC5-58899EE3ADE0}.Debug|x64.Build.0 = Debug|x64
		{BFBE6126-3732-491F-BFC5-58899EE3ADE0}.Debug|x86.ActiveCfg = Debug|Win32
		{BFBE6126-3732-491F-BFC5-58899EE3ADE0}.Debug|x86.Build.0 = Debug|Win32
		{BFBE6126-3732-491F-BFC5-58899EE3ADE0}.Release|x64.ActiveCfg = Release|x64
		{BFBE6126-3732-491F-BFC5-58899EE3ADE0}.Release|x64.Build.0 = Release|x64
		{BFBE6126-3732-491F-BFC5-58899EE3ADE0}.Release|x86.ActiveCfg = Release|Win32
		{BFBE6126-3732-491F-BFC5-58899EE3ADE0}.Release|x86.Build.0 = Release|Win32
	EndGlobalSection
	GlobalSection(SolutionProperties) = preSolution
		HideSolutionNode = FALSE
	EndGlobalSection
	GlobalSection(ExtensibilityGlobals) = postSolution
		SolutionGuid = {04788F3A-7EB3-4A3F-B4F1-90A1094A46B9}
	EndGlobalSection
EndGlobal
